{
  "requires": true,
  "lockfileVersion": 1,
  "dependencies": {
    "@babel/runtime-corejs2": {
      "version": "7.12.13",
      "resolved": "https://registry.npmjs.org/@babel/runtime-corejs2/-/runtime-corejs2-7.12.13.tgz",
      "integrity": "sha512-BPjEhhHe12QsV4k2iRNvP95yB1Gpjj6/NMmVP++5Yw295Se/ZVXPePV8cC5cZ6nrZBmmsQ9n0JmeUobM8TbskA==",
      "requires": {
        "core-js": "^2.6.5",
        "regenerator-runtime": "^0.13.4"
      }
    },
    "chess": {
      "version": "0.4.10",
      "resolved": "https://registry.npmjs.org/chess/-/chess-0.4.10.tgz",
      "integrity": "sha512-qDLA/BgE3hPNPDZXvPikxp6V6fkCsN8xy2Q5jlAvwzqcPMZk2c/HVE1PzS2SM81Hs+dFdYUgrgc4YHZgBfb7oQ==",
      "requires": {
        "@babel/runtime-corejs2": "^7.12.13"
      }
    },
    "core-js": {
      "version": "2.6.12",
      "resolved": "https://registry.npmjs.org/core-js/-/core-js-2.6.12.tgz",
      "integrity": "sha512-Kb2wC0fvsWfQrgk8HU5lW6U/Lcs8+9aaYcy4ZFc6DDlo4nZ7n70dEgE5rtR0oG6ufKDUnrwfWL1mXR5ljDatrQ=="
    },
    "regenerator-runtime": {
      "version": "0.13.7",
      "resolved": "https://registry.npmjs.org/regenerator-runtime/-/regenerator-runtime-0.13.7.tgz",
      "integrity": "sha512-a54FxoJDIr27pgf7IgeQGxmqUNYrcV338lf/6gH456HZ/PhX+5BcwHXG9ajESmwe6WRO0tAzRUrRmNONWgkrew=="
    }
  }
}
